PODS:
  - Alamofire (3.2.1)
  - GRMustache.swift (1.0.0)

DEPENDENCIES:
  - Alamofire (~> 3.0)
  - GRMustache.swift (from `https://github.com/groue/GRMustache.swift`)

EXTERNAL SOURCES:
  GRMustache.swift:
    :git: https://github.com/groue/GRMustache.swift

CHECKOUT OPTIONS:
  GRMustache.swift:
    :commit: 4398ad4ee84b6b47be92c03535e2bc347ddc5156
    :git: https://github.com/groue/GRMustache.swift

SPEC CHECKSUMS:
  Alamofire: f11d8624a05f5d39e0c99309b3e600a3ba64298a
  GRMustache.swift: 40991f64a210756df6a0bd19f54283e41c176483

PODFILE CHECKSUM: 08d3ff86b8dbe6b244d33efa49aa72ac2f91d0d8

COCOAPODS: 1.0.0.beta.3
